// !$*UTF8*$!
{
	archiveVersion = 1;
	classes = {
	};
	objectVersion = 34;
	objects = {
		00C940990173921B7F000001 = {
			isa = PBXFileReference;
			path = SarienIcon.icns;
			refType = 4;
		};
		00C9409A0173921B7F000001 = {
			fileRef = 00C940990173921B7F000001;
			isa = PBXBuildFile;
			settings = {
			};
		};
//000
//001
//002
//003
//004
//010
//011
//012
//013
//014
		01471944014DD51D7F000001 = {
			isa = PBXFileReference;
			name = path.c;
			path = ../src/filesys/unix/path.c;
			refType = 2;
		};
		01471945014DD51D7F000001 = {
			fileRef = 01471944014DD51D7F000001;
			isa = PBXBuildFile;
			settings = {
			};
		};
//010
//011
//012
//013
//014
//080
//081
//082
//083
//084
		080E96DCFE201CFB7F000001 = {
			fileRef = 29B97318FDCFA39411CA2CEA;
			isa = PBXBuildFile;
			settings = {
			};
		};
		080E96DDFE201D6D7F000001 = {
			children = (
				F5742F780140638F01000001,
				F5742F790140638F01000001,
				F5742F7A0140638F01000001,
				F5742F7B0140638F01000001,
				F5742F7D0140638F01000001,
				F5742F7C0140638F01000001,
			);
			isa = PBXGroup;
			name = Classes;
			refType = 4;
		};
		089C165CFE840E0CC02AAC07 = {
			children = (
				089C165DFE840E0CC02AAC07,
				F583AF00014136CA01000001,
			);
			isa = PBXVariantGroup;
			name = InfoPlist.strings;
			refType = 4;
		};
		089C165DFE840E0CC02AAC07 = {
			fileEncoding = 10;
			isa = PBXFileReference;
			name = English;
			path = English.lproj/InfoPlist.strings;
			refType = 4;
		};
		089C165EFE840E0CC02AAC07 = {
			fileRef = 089C165CFE840E0CC02AAC07;
			isa = PBXBuildFile;
			settings = {
			};
		};
//080
//081
//082
//083
//084
//100
//101
//102
//103
//104
		1058C7A0FEA54F0111CA2CBB = {
			children = (
				F562A78901C54C78010DC54F,
				1058C7A1FEA54F0111CA2CBB,
			);
			isa = PBXGroup;
			name = "Linked Frameworks";
			refType = 4;
		};
		1058C7A1FEA54F0111CA2CBB = {
			isa = PBXFrameworkReference;
			name = Cocoa.framework;
			path = /System/Library/Frameworks/Cocoa.framework;
			refType = 0;
		};
		1058C7A2FEA54F0111CA2CBB = {
			children = (
				29B97324FDCFA39411CA2CEA,
				F5C2E82D01403B8801000001,
				F5C2E82E01403B8801000001,
				F5C2E83601403BDD01000001,
				29B97325FDCFA39411CA2CEA,
			);
			isa = PBXGroup;
			name = "Other Frameworks";
			refType = 4;
		};
		1058C7A3FEA54F0111CA2CBB = {
			fileRef = 1058C7A1FEA54F0111CA2CBB;
			isa = PBXBuildFile;
			settings = {
			};
		};
//100
//101
//102
//103
//104
//170
//171
//172
//173
//174
		17587328FF379C6511CA2CBB = {
			isa = PBXApplicationReference;
			path = Sarien.app;
			refType = 3;
		};
//170
//171
//172
//173
//174
//190
//191
//192
//193
//194
		19C28FACFE9D520D11CA2CBB = {
			children = (
				17587328FF379C6511CA2CBB,
			);
			isa = PBXGroup;
			name = Products;
			refType = 4;
		};
//190
//191
//192
//193
//194
//290
//291
//292
//293
//294
		29B97313FDCFA39411CA2CEA = {
			buildStyles = (
				4A9504CCFFE6A4B311CA0CBA,
				4A9504CDFFE6A4B311CA0CBA,
			);
			isa = PBXProject;
			mainGroup = 29B97314FDCFA39411CA2CEA;
			projectDirPath = "";
			targets = (
				29B97326FDCFA39411CA2CEA,
			);
		};
		29B97314FDCFA39411CA2CEA = {
			children = (
				080E96DDFE201D6D7F000001,
				F5C2E83701403C4A01000001,
				F5C2E85C01403CD401000001,
				29B97315FDCFA39411CA2CEA,
				29B97317FDCFA39411CA2CEA,
				29B97323FDCFA39411CA2CEA,
				19C28FACFE9D520D11CA2CBB,
			);
			isa = PBXGroup;
			name = Sarien;
			path = "";
			refType = 4;
		};
		29B97315FDCFA39411CA2CEA = {
			children = (
				29B97316FDCFA39411CA2CEA,
				F5F6248A0141197101000001,
			);
			isa = PBXGroup;
			name = "Other Sources";
			path = "";
			refType = 4;
		};
		29B97316FDCFA39411CA2CEA = {
			isa = PBXFileReference;
			path = main.m;
			refType = 4;
		};
		29B97317FDCFA39411CA2CEA = {
			children = (
				29B97318FDCFA39411CA2CEA,
				089C165CFE840E0CC02AAC07,
				00C940990173921B7F000001,
			);
			isa = PBXGroup;
			name = Resources;
			path = "";
			refType = 4;
		};
		29B97318FDCFA39411CA2CEA = {
			children = (
				29B97319FDCFA39411CA2CEA,
				F583AEFF014136CA01000001,
			);
			isa = PBXVariantGroup;
			name = MainMenu.nib;
			path = "";
			refType = 4;
		};
		29B97319FDCFA39411CA2CEA = {
			isa = PBXFileReference;
			name = English;
			path = English.lproj/MainMenu.nib;
			refType = 4;
		};
		29B97323FDCFA39411CA2CEA = {
			children = (
				1058C7A0FEA54F0111CA2CBB,
				1058C7A2FEA54F0111CA2CBB,
			);
			isa = PBXGroup;
			name = Frameworks;
			path = "";
			refType = 4;
		};
		29B97324FDCFA39411CA2CEA = {
			isa = PBXFrameworkReference;
			name = AppKit.framework;
			path = /System/Library/Frameworks/AppKit.framework;
			refType = 0;
		};
		29B97325FDCFA39411CA2CEA = {
			isa = PBXFrameworkReference;
			name = Foundation.framework;
			path = /System/Library/Frameworks/Foundation.framework;
			refType = 0;
		};
		29B97326FDCFA39411CA2CEA = {
			buildPhases = (
				29B97327FDCFA39411CA2CEA,
				29B97328FDCFA39411CA2CEA,
				29B9732BFDCFA39411CA2CEA,
				29B9732DFDCFA39411CA2CEA,
			);
			buildSettings = {
				FRAMEWORK_SEARCH_PATHS = "\"$(SYSTEM_LIBRARY_DIR)/Frameworks/\"";
				HEADER_SEARCH_PATHS = "";
				LIBRARY_SEARCH_PATHS = "";
				OTHER_CFLAGS = "-DMACOSX -DNATIVE_MACOSX";
				PRODUCT_NAME = Sarien;
				SECTORDER_FLAGS = "";
				WARNING_CFLAGS = "-Wmost -Wno-four-char-constants -Wno-unknown-pragmas";
				WRAPPER_EXTENSION = app;
			};
			dependencies = (
			);
			isa = PBXApplicationTarget;
			name = Sarien;
			productName = Sarien;
			productReference = 17587328FF379C6511CA2CBB;
			productSettingsXML = "<?xml version=\"1.0\" encoding=\"UTF-8\"?>
<!DOCTYPE plist SYSTEM \"file://localhost/System/Library/DTDs/PropertyList.dtd\">
<plist version=\"0.9\">
<dict>
	<key>CFBundleDevelopmentRegion</key>
	<string>English</string>
	<key>CFBundleExecutable</key>
	<string>Sarien</string>
	<key>CFBundleIconFile</key>
	<string>SarienIcon.icns</string>
	<key>CFBundleInfoDictionaryVersion</key>
	<string>6.0</string>
	<key>CFBundleName</key>
	<string>Sarien</string>
	<key>CFBundlePackageType</key>
	<string>APPL</string>
	<key>CFBundleSignature</key>
	<string>SARIEN</string>
	<key>CFBundleVersion</key>
	<string>0.6.2.1</string>
	<key>NSMainNibFile</key>
	<string>MainMenu</string>
	<key>NSPrincipalClass</key>
	<string>SarienApplication</string>
</dict>
</plist>
";
			shouldUseHeadermap = 1;
		};
		29B97327FDCFA39411CA2CEA = {
			buildActionMask = 2147483647;
			files = (
				F5742F7E0140638F01000001,
				F5742F7F0140638F01000001,
				F5742F800140638F01000001,
				F5F6248B0141197101000001,
				F53A970C01A48B8B013B94F6,
			);
			isa = PBXHeadersBuildPhase;
			name = Headers;
		};
		29B97328FDCFA39411CA2CEA = {
			buildActionMask = 2147483647;
			files = (
				080E96DCFE201CFB7F000001,
				089C165EFE840E0CC02AAC07,
				00C9409A0173921B7F000001,
			);
			isa = PBXResourcesBuildPhase;
			name = "Bundle Resources";
		};
		29B9732BFDCFA39411CA2CEA = {
			buildActionMask = 2147483647;
			files = (
				29B9732CFDCFA39411CA2CEA,
				F5C2E88301403CD401000001,
				F5C2E88401403CD401000001,
				F5C2E88501403CD401000001,
				F5C2E88601403CD401000001,
				F5C2E88701403CD401000001,
				F5C2E88801403CD401000001,
				F5C2E88901403CD401000001,
				F5C2E88A01403CD401000001,
				F5C2E88B01403CD401000001,
				F5C2E88C01403CD401000001,
				F5C2E88D01403CD401000001,
				F5C2E88E01403CD401000001,
				F5C2E88F01403CD401000001,
				F5C2E89001403CD401000001,
				F5C2E89101403CD401000001,
				F5C2E89201403CD401000001,
				F5C2E89301403CD401000001,
				F5C2E89401403CD401000001,
				F5C2E89501403CD401000001,
				F5C2E89601403CD401000001,
				F5C2E89701403CD401000001,
				F5C2E89801403CD401000001,
				F5C2E89901403CD401000001,
				F5C2E89A01403CD401000001,
				F5C2E89B01403CD401000001,
				F5C2E89C01403CD401000001,
				F5C2E89D01403CD401000001,
				F5C2E89E01403CD401000001,
				F5C2E89F01403CD401000001,
				F5C2E8A001403CD401000001,
				F5C2E8A101403CD401000001,
				F5C2E8A201403CD401000001,
				F5C2E8A301403CD401000001,
				F5C2E8A401403CD401000001,
				F5C2E8A501403CD401000001,
				F5C2E8A601403CD401000001,
				F5C2E8A801403D1801000001,
				F5742F810140638F01000001,
				F5742F820140638F01000001,
				F5742F830140638F01000001,
				F5607D2A0144005201000001,
				01471945014DD51D7F000001,
				F562A78801C54C0E010DC54F,
			);
			isa = PBXSourcesBuildPhase;
			name = Sources;
		};
		29B9732CFDCFA39411CA2CEA = {
			fileRef = 29B97316FDCFA39411CA2CEA;
			isa = PBXBuildFile;
			settings = {
				ATTRIBUTES = (
				);
			};
		};
		29B9732DFDCFA39411CA2CEA = {
			buildActionMask = 2147483647;
			files = (
				1058C7A3FEA54F0111CA2CBB,
				F5C2E82F01403B8801000001,
				F5C2E83001403B8801000001,
				F562A78A01C54C78010DC54F,
			);
			isa = PBXFrameworksBuildPhase;
			name = "Frameworks & Libraries";
		};
//290
//291
//292
//293
//294
//4A0
//4A1
//4A2
//4A3
//4A4
		4A9504CCFFE6A4B311CA0CBA = {
			buildRules = (
			);
			buildSettings = {
				COPY_PHASE_STRIP = NO;
				OPTIMIZATION_CFLAGS = "-O0";
			};
			isa = PBXBuildStyle;
			name = Development;
		};
		4A9504CDFFE6A4B311CA0CBA = {
			buildRules = (
			);
			buildSettings = {
				COPY_PHASE_STRIP = YES;
			};
			isa = PBXBuildStyle;
			name = Deployment;
		};
//4A0
//4A1
//4A2
//4A3
//4A4
//F50
//F51
//F52
//F53
//F54
		F53A970B01A48B8B013B94F6 = {
			isa = PBXFileReference;
			name = portdefs.h;
			path = ../src/include/portdefs.h;
			refType = 2;
		};
		F53A970C01A48B8B013B94F6 = {
			fileRef = F53A970B01A48B8B013B94F6;
			isa = PBXBuildFile;
			settings = {
			};
		};
		F5607D290144005201000001 = {
			isa = PBXFileReference;
			name = picview.c;
			path = ../src/core/picview.c;
			refType = 4;
		};
		F5607D2A0144005201000001 = {
			fileRef = F5607D290144005201000001;
			isa = PBXBuildFile;
			settings = {
			};
		};
		F562A78701C54C0E010DC54F = {
			isa = PBXFileReference;
			name = sound_macos.c;
			path = /Users/jpenner/Code/sarien/src/sound/macos/sound_macos.c;
			refType = 0;
		};
		F562A78801C54C0E010DC54F = {
			fileRef = F562A78701C54C0E010DC54F;
			isa = PBXBuildFile;
			settings = {
			};
		};
		F562A78901C54C78010DC54F = {
			isa = PBXFrameworkReference;
			name = Carbon.framework;
			path = /System/Library/Frameworks/Carbon.framework;
			refType = 0;
		};
		F562A78A01C54C78010DC54F = {
			fileRef = F562A78901C54C78010DC54F;
			isa = PBXBuildFile;
			settings = {
			};
		};
		F5742F780140638F01000001 = {
			isa = PBXFileReference;
			path = SarienApplication.h;
			refType = 4;
		};
		F5742F790140638F01000001 = {
			isa = PBXFileReference;
			path = SarienApplication.m;
			refType = 4;
		};
		F5742F7A0140638F01000001 = {
			isa = PBXFileReference;
			path = SarienWindow.h;
			refType = 4;
		};
		F5742F7B0140638F01000001 = {
			isa = PBXFileReference;
			path = SarienWindow.m;
			refType = 4;
		};
		F5742F7C0140638F01000001 = {
			isa = PBXFileReference;
			path = SarienView.m;
			refType = 4;
		};
		F5742F7D0140638F01000001 = {
			isa = PBXFileReference;
			path = SarienView.h;
			refType = 4;
		};
		F5742F7E0140638F01000001 = {
			fileRef = F5742F780140638F01000001;
			isa = PBXBuildFile;
			settings = {
				ATTRIBUTES = (
					Private,
				);
			};
		};
		F5742F7F0140638F01000001 = {
			fileRef = F5742F7A0140638F01000001;
			isa = PBXBuildFile;
			settings = {
				ATTRIBUTES = (
					Private,
				);
			};
		};
		F5742F800140638F01000001 = {
			fileRef = F5742F7D0140638F01000001;
			isa = PBXBuildFile;
			settings = {
				ATTRIBUTES = (
					Private,
				);
			};
		};
		F5742F810140638F01000001 = {
			fileRef = F5742F790140638F01000001;
			isa = PBXBuildFile;
			settings = {
			};
		};
		F5742F820140638F01000001 = {
			fileRef = F5742F7B0140638F01000001;
			isa = PBXBuildFile;
			settings = {
			};
		};
		F5742F830140638F01000001 = {
			fileRef = F5742F7C0140638F01000001;
			isa = PBXBuildFile;
			settings = {
			};
		};
		F583AEFF014136CA01000001 = {
			isa = PBXFileReference;
			name = French;
			path = French.lproj/MainMenu.nib;
			refType = 4;
		};
		F583AF00014136CA01000001 = {
			isa = PBXFileReference;
			name = French;
			path = French.lproj/InfoPlist.strings;
			refType = 4;
		};
		F5C2E82D01403B8801000001 = {
			isa = PBXFrameworkReference;
			name = ApplicationServices.framework;
			path = /System/Library/Frameworks/ApplicationServices.framework;
			refType = 0;
		};
		F5C2E82E01403B8801000001 = {
			isa = PBXFrameworkReference;
			name = CoreAudio.framework;
			path = /System/Library/Frameworks/CoreAudio.framework;
			refType = 0;
		};
		F5C2E82F01403B8801000001 = {
			fileRef = F5C2E82D01403B8801000001;
			isa = PBXBuildFile;
			settings = {
			};
		};
		F5C2E83001403B8801000001 = {
			fileRef = F5C2E82E01403B8801000001;
			isa = PBXBuildFile;
			settings = {
			};
		};
		F5C2E83601403BDD01000001 = {
			isa = PBXFrameworkReference;
			name = CoreGraphics.framework;
			path = /System/Library/Frameworks/ApplicationServices.framework/Versions/A/Frameworks/CoreGraphics.framework;
			refType = 0;
		};
		F5C2E83701403C4A01000001 = {
			children = (
				F5C2E83801403CD401000001,
				F5C2E83901403CD401000001,
				F5C2E83A01403CD401000001,
				F5C2E83B01403CD401000001,
				F5C2E83C01403CD401000001,
				F5C2E83D01403CD401000001,
				F5C2E83E01403CD401000001,
				F5C2E83F01403CD401000001,
				F5C2E84001403CD401000001,
				F5C2E84101403CD401000001,
				F5C2E84201403CD401000001,
				F5C2E84301403CD401000001,
				F5C2E84401403CD401000001,
				F5C2E84501403CD401000001,
				F5C2E84601403CD401000001,
				F5C2E84701403CD401000001,
				F5C2E84801403CD401000001,
				F5C2E84901403CD401000001,
				F5C2E84A01403CD401000001,
				F5C2E84B01403CD401000001,
				F5C2E84C01403CD401000001,
				F5C2E84D01403CD401000001,
				F5C2E84E01403CD401000001,
				F5C2E84F01403CD401000001,
				F5C2E85001403CD401000001,
				F5C2E85101403CD401000001,
				F5C2E85201403CD401000001,
				F5C2E85301403CD401000001,
				F5607D290144005201000001,
				F5C2E85401403CD401000001,
				F5C2E85501403CD401000001,
				F5C2E85601403CD401000001,
				F5C2E85701403CD401000001,
				F5C2E85801403CD401000001,
				F5C2E85901403CD401000001,
				F5C2E85A01403CD401000001,
				F5C2E85B01403CD401000001,
				F5C2E8A701403D1801000001,
				01471944014DD51D7F000001,
				F562A78701C54C0E010DC54F,
			);
			isa = PBXGroup;
			name = "Sarien Sources";
			refType = 4;
		};
		F5C2E83801403CD401000001 = {
			isa = PBXFileReference;
			name = agi_v2.c;
			path = ../src/core/agi_v2.c;
			refType = 4;
		};
		F5C2E83901403CD401000001 = {
			isa = PBXFileReference;
			name = agi_v3.c;
			path = ../src/core/agi_v3.c;
			refType = 4;
		};
		F5C2E83A01403CD401000001 = {
			isa = PBXFileReference;
			name = agi_v4.c;
			path = ../src/core/agi_v4.c;
			refType = 4;
		};
		F5C2E83B01403CD401000001 = {
			isa = PBXFileReference;
			name = agi.c;
			path = ../src/core/agi.c;
			refType = 4;
		};
		F5C2E83C01403CD401000001 = {
			isa = PBXFileReference;
			name = checks.c;
			path = ../src/core/checks.c;
			refType = 4;
		};
		F5C2E83D01403CD401000001 = {
			isa = PBXFileReference;
			name = cli.c;
			path = ../src/core/cli.c;
			refType = 4;
		};
		F5C2E83E01403CD401000001 = {
			isa = PBXFileReference;
			name = console.c;
			path = ../src/core/console.c;
			refType = 4;
		};
		F5C2E83F01403CD401000001 = {
			isa = PBXFileReference;
			name = cycle.c;
			path = ../src/core/cycle.c;
			refType = 4;
		};
		F5C2E84001403CD401000001 = {
			isa = PBXFileReference;
			name = font.c;
			path = ../src/core/font.c;
			refType = 4;
		};
		F5C2E84101403CD401000001 = {
			isa = PBXFileReference;
			name = getopt.c;
			path = ../src/core/getopt.c;
			refType = 4;
		};
		F5C2E84201403CD401000001 = {
			isa = PBXFileReference;
			name = getopt1.c;
			path = ../src/core/getopt1.c;
			refType = 4;
		};
		F5C2E84301403CD401000001 = {
			isa = PBXFileReference;
			name = global.c;
			path = ../src/core/global.c;
			refType = 4;
		};
		F5C2E84401403CD401000001 = {
			isa = PBXFileReference;
			name = graphics.c;
			path = ../src/core/graphics.c;
			refType = 4;
		};
		F5C2E84501403CD401000001 = {
			isa = PBXFileReference;
			name = id.c;
			path = ../src/core/id.c;
			refType = 4;
		};
		F5C2E84601403CD401000001 = {
			isa = PBXFileReference;
			name = iff.c;
			path = ../src/core/iff.c;
			refType = 4;
		};
		F5C2E84701403CD401000001 = {
			isa = PBXFileReference;
			name = inv.c;
			path = ../src/core/inv.c;
			refType = 4;
		};
		F5C2E84801403CD401000001 = {
			isa = PBXFileReference;
			name = keyboard.c;
			path = ../src/core/keyboard.c;
			refType = 4;
		};
		F5C2E84901403CD401000001 = {
			isa = PBXFileReference;
			name = logic.c;
			path = ../src/core/logic.c;
			refType = 4;
		};
		F5C2E84A01403CD401000001 = {
			isa = PBXFileReference;
			name = lzw.c;
			path = ../src/core/lzw.c;
			refType = 4;
		};
		F5C2E84B01403CD401000001 = {
			isa = PBXFileReference;
			name = main.c;
			path = ../src/core/main.c;
			refType = 4;
		};
		F5C2E84C01403CD401000001 = {
			isa = PBXFileReference;
			name = menu.c;
			path = ../src/core/menu.c;
			refType = 4;
		};
		F5C2E84D01403CD401000001 = {
			isa = PBXFileReference;
			name = motion.c;
			path = ../src/core/motion.c;
			refType = 4;
		};
		F5C2E84E01403CD401000001 = {
			isa = PBXFileReference;
			name = objects.c;
			path = ../src/core/objects.c;
			refType = 4;
		};
		F5C2E84F01403CD401000001 = {
			isa = PBXFileReference;
			name = op_cmd.c;
			path = ../src/core/op_cmd.c;
			refType = 4;
		};
		F5C2E85001403CD401000001 = {
			isa = PBXFileReference;
			name = op_dbg.c;
			path = ../src/core/op_dbg.c;
			refType = 4;
		};
		F5C2E85101403CD401000001 = {
			isa = PBXFileReference;
			name = op_test.c;
			path = ../src/core/op_test.c;
			refType = 4;
		};
		F5C2E85201403CD401000001 = {
			isa = PBXFileReference;
			name = patches.c;
			path = ../src/core/patches.c;
			refType = 4;
		};
		F5C2E85301403CD401000001 = {
			isa = PBXFileReference;
			name = picture.c;
			path = ../src/core/picture.c;
			refType = 4;
		};
		F5C2E85401403CD401000001 = {
			isa = PBXFileReference;
			name = rand.c;
			path = ../src/core/rand.c;
			refType = 4;
		};
		F5C2E85501403CD401000001 = {
			isa = PBXFileReference;
			name = savegame.c;
			path = ../src/core/savegame.c;
			refType = 4;
		};
		F5C2E85601403CD401000001 = {
			isa = PBXFileReference;
			name = silent.c;
			path = ../src/core/silent.c;
			refType = 4;
		};
		F5C2E85701403CD401000001 = {
			isa = PBXFileReference;
			name = sound.c;
			path = ../src/core/sound.c;
			refType = 4;
		};
		F5C2E85801403CD401000001 = {
			isa = PBXFileReference;
			name = sprite.c;
			path = ../src/core/sprite.c;
			refType = 4;
		};
		F5C2E85901403CD401000001 = {
			isa = PBXFileReference;
			name = text.c;
			path = ../src/core/text.c;
			refType = 4;
		};
		F5C2E85A01403CD401000001 = {
			isa = PBXFileReference;
			name = view.c;
			path = ../src/core/view.c;
			refType = 4;
		};
		F5C2E85B01403CD401000001 = {
			isa = PBXFileReference;
			name = words.c;
			path = ../src/core/words.c;
			refType = 4;
		};
		F5C2E85C01403CD401000001 = {
			children = (
				F5C2E85D01403CD401000001,
				F5C2E85E01403CD401000001,
				F5C2E85F01403CD401000001,
				F5C2E86001403CD401000001,
				F5C2E86101403CD401000001,
				F5C2E86201403CD401000001,
				F5C2E86301403CD401000001,
				F5C2E86401403CD401000001,
				F5C2E86501403CD401000001,
				F5C2E86601403CD401000001,
				F5C2E86701403CD401000001,
				F5C2E86801403CD401000001,
				F5C2E86901403CD401000001,
				F5C2E86A01403CD401000001,
				F5C2E86B01403CD401000001,
				F5C2E86C01403CD401000001,
				F5C2E86D01403CD401000001,
				F5C2E86E01403CD401000001,
				F5C2E86F01403CD401000001,
				F53A970B01A48B8B013B94F6,
			);
			isa = PBXGroup;
			name = "Sarien Headers";
			refType = 4;
		};
		F5C2E85D01403CD401000001 = {
			isa = PBXFileReference;
			name = agi.h;
			path = ../src/include/agi.h;
			refType = 4;
		};
		F5C2E85E01403CD401000001 = {
			isa = PBXFileReference;
			name = console.h;
			path = ../src/include/console.h;
			refType = 4;
		};
		F5C2E85F01403CD401000001 = {
			isa = PBXFileReference;
			name = getopt.h;
			path = ../src/include/getopt.h;
			refType = 4;
		};
		F5C2E86001403CD401000001 = {
			isa = PBXFileReference;
			name = graphics.h;
			path = ../src/include/graphics.h;
			refType = 4;
		};
		F5C2E86101403CD401000001 = {
			isa = PBXFileReference;
			name = iff.h;
			path = ../src/include/iff.h;
			refType = 4;
		};
		F5C2E86201403CD401000001 = {
			isa = PBXFileReference;
			name = keyboard.h;
			path = ../src/include/keyboard.h;
			refType = 4;
		};
		F5C2E86301403CD401000001 = {
			isa = PBXFileReference;
			name = list.h;
			path = ../src/include/list.h;
			refType = 4;
		};
		F5C2E86401403CD401000001 = {
			isa = PBXFileReference;
			name = logic.h;
			path = ../src/include/logic.h;
			refType = 4;
		};
		F5C2E86501403CD401000001 = {
			isa = PBXFileReference;
			name = lzw.h;
			path = ../src/include/lzw.h;
			refType = 4;
		};
		F5C2E86601403CD401000001 = {
			isa = PBXFileReference;
			name = menu.h;
			path = ../src/include/menu.h;
			refType = 4;
		};
		F5C2E86701403CD401000001 = {
			isa = PBXFileReference;
			name = opcodes.h;
			path = ../src/include/opcodes.h;
			refType = 4;
		};
		F5C2E86801403CD401000001 = {
			isa = PBXFileReference;
			name = picture.h;
			path = ../src/include/picture.h;
			refType = 4;
		};
		F5C2E86901403CD401000001 = {
			isa = PBXFileReference;
			name = rand.h;
			path = ../src/include/rand.h;
			refType = 4;
		};
		F5C2E86A01403CD401000001 = {
			isa = PBXFileReference;
			name = sarien.h;
			path = ../src/include/sarien.h;
			refType = 4;
		};
		F5C2E86B01403CD401000001 = {
			isa = PBXFileReference;
			name = savegame.h;
			path = ../src/include/savegame.h;
			refType = 4;
		};
		F5C2E86C01403CD401000001 = {
			isa = PBXFileReference;
			name = sound.h;
			path = ../src/include/sound.h;
			refType = 4;
		};
		F5C2E86D01403CD401000001 = {
			isa = PBXFileReference;
			name = sprite.h;
			path = ../src/include/sprite.h;
			refType = 4;
		};
		F5C2E86E01403CD401000001 = {
			isa = PBXFileReference;
			name = text.h;
			path = ../src/include/text.h;
			refType = 4;
		};
		F5C2E86F01403CD401000001 = {
			isa = PBXFileReference;
			name = view.h;
			path = ../src/include/view.h;
			refType = 4;
		};
		F5C2E88301403CD401000001 = {
			fileRef = F5C2E83801403CD401000001;
			isa = PBXBuildFile;
			settings = {
			};
		};
		F5C2E88401403CD401000001 = {
			fileRef = F5C2E83901403CD401000001;
			isa = PBXBuildFile;
			settings = {
			};
		};
		F5C2E88501403CD401000001 = {
			fileRef = F5C2E83A01403CD401000001;
			isa = PBXBuildFile;
			settings = {
			};
		};
		F5C2E88601403CD401000001 = {
			fileRef = F5C2E83B01403CD401000001;
			isa = PBXBuildFile;
			settings = {
			};
		};
		F5C2E88701403CD401000001 = {
			fileRef = F5C2E83C01403CD401000001;
			isa = PBXBuildFile;
			settings = {
			};
		};
		F5C2E88801403CD401000001 = {
			fileRef = F5C2E83D01403CD401000001;
			isa = PBXBuildFile;
			settings = {
			};
		};
		F5C2E88901403CD401000001 = {
			fileRef = F5C2E83E01403CD401000001;
			isa = PBXBuildFile;
			settings = {
			};
		};
		F5C2E88A01403CD401000001 = {
			fileRef = F5C2E83F01403CD401000001;
			isa = PBXBuildFile;
			settings = {
			};
		};
		F5C2E88B01403CD401000001 = {
			fileRef = F5C2E84001403CD401000001;
			isa = PBXBuildFile;
			settings = {
			};
		};
		F5C2E88C01403CD401000001 = {
			fileRef = F5C2E84101403CD401000001;
			isa = PBXBuildFile;
			settings = {
			};
		};
		F5C2E88D01403CD401000001 = {
			fileRef = F5C2E84201403CD401000001;
			isa = PBXBuildFile;
			settings = {
			};
		};
		F5C2E88E01403CD401000001 = {
			fileRef = F5C2E84301403CD401000001;
			isa = PBXBuildFile;
			settings = {
			};
		};
		F5C2E88F01403CD401000001 = {
			fileRef = F5C2E84401403CD401000001;
			isa = PBXBuildFile;
			settings = {
			};
		};
		F5C2E89001403CD401000001 = {
			fileRef = F5C2E84501403CD401000001;
			isa = PBXBuildFile;
			settings = {
			};
		};
		F5C2E89101403CD401000001 = {
			fileRef = F5C2E84601403CD401000001;
			isa = PBXBuildFile;
			settings = {
			};
		};
		F5C2E89201403CD401000001 = {
			fileRef = F5C2E84701403CD401000001;
			isa = PBXBuildFile;
			settings = {
			};
		};
		F5C2E89301403CD401000001 = {
			fileRef = F5C2E84801403CD401000001;
			isa = PBXBuildFile;
			settings = {
			};
		};
		F5C2E89401403CD401000001 = {
			fileRef = F5C2E84901403CD401000001;
			isa = PBXBuildFile;
			settings = {
			};
		};
		F5C2E89501403CD401000001 = {
			fileRef = F5C2E84A01403CD401000001;
			isa = PBXBuildFile;
			settings = {
			};
		};
		F5C2E89601403CD401000001 = {
			fileRef = F5C2E84B01403CD401000001;
			isa = PBXBuildFile;
			settings = {
			};
		};
		F5C2E89701403CD401000001 = {
			fileRef = F5C2E84C01403CD401000001;
			isa = PBXBuildFile;
			settings = {
			};
		};
		F5C2E89801403CD401000001 = {
			fileRef = F5C2E84D01403CD401000001;
			isa = PBXBuildFile;
			settings = {
			};
		};
		F5C2E89901403CD401000001 = {
			fileRef = F5C2E84E01403CD401000001;
			isa = PBXBuildFile;
			settings = {
			};
		};
		F5C2E89A01403CD401000001 = {
			fileRef = F5C2E84F01403CD401000001;
			isa = PBXBuildFile;
			settings = {
			};
		};
		F5C2E89B01403CD401000001 = {
			fileRef = F5C2E85001403CD401000001;
			isa = PBXBuildFile;
			settings = {
			};
		};
		F5C2E89C01403CD401000001 = {
			fileRef = F5C2E85101403CD401000001;
			isa = PBXBuildFile;
			settings = {
			};
		};
		F5C2E89D01403CD401000001 = {
			fileRef = F5C2E85201403CD401000001;
			isa = PBXBuildFile;
			settings = {
			};
		};
		F5C2E89E01403CD401000001 = {
			fileRef = F5C2E85301403CD401000001;
			isa = PBXBuildFile;
			settings = {
			};
		};
		F5C2E89F01403CD401000001 = {
			fileRef = F5C2E85401403CD401000001;
			isa = PBXBuildFile;
			settings = {
			};
		};
		F5C2E8A001403CD401000001 = {
			fileRef = F5C2E85501403CD401000001;
			isa = PBXBuildFile;
			settings = {
			};
		};
		F5C2E8A101403CD401000001 = {
			fileRef = F5C2E85601403CD401000001;
			isa = PBXBuildFile;
			settings = {
			};
		};
		F5C2E8A201403CD401000001 = {
			fileRef = F5C2E85701403CD401000001;
			isa = PBXBuildFile;
			settings = {
			};
		};
		F5C2E8A301403CD401000001 = {
			fileRef = F5C2E85801403CD401000001;
			isa = PBXBuildFile;
			settings = {
			};
		};
		F5C2E8A401403CD401000001 = {
			fileRef = F5C2E85901403CD401000001;
			isa = PBXBuildFile;
			settings = {
			};
		};
		F5C2E8A501403CD401000001 = {
			fileRef = F5C2E85A01403CD401000001;
			isa = PBXBuildFile;
			settings = {
			};
		};
		F5C2E8A601403CD401000001 = {
			fileRef = F5C2E85B01403CD401000001;
			isa = PBXBuildFile;
			settings = {
			};
		};
		F5C2E8A701403D1801000001 = {
			isa = PBXFileReference;
			name = fileglob.c;
			path = ../src/filesys/unix/fileglob.c;
			refType = 4;
		};
		F5C2E8A801403D1801000001 = {
			fileRef = F5C2E8A701403D1801000001;
			isa = PBXBuildFile;
			settings = {
			};
		};
		F5F6248A0141197101000001 = {
			isa = PBXFileReference;
			path = main.h;
			refType = 4;
		};
		F5F6248B0141197101000001 = {
			fileRef = F5F6248A0141197101000001;
			isa = PBXBuildFile;
			settings = {
				ATTRIBUTES = (
					Private,
				);
			};
		};
	};
	rootObject = 29B97313FDCFA39411CA2CEA;
}
